// !$*UTF8*$!
{
	archiveVersion = 1;
	classes = {
	};
	objectVersion = 48;
	objects = {

/* Begin PBXBuildFile section */
		DB22A35A2110592800E270B8 /* CollectionViewCellNow.swift in Sources */ = {isa = PBXBuildFile; fileRef = DB22A3592110592800E270B8 /* CollectionViewCellNow.swift */; };
		DB22D6962109ADC900B8CE2A /* WeatherForecast.swift in Sources */ = {isa = PBXBuildFile; fileRef = DB22D6952109ADC900B8CE2A /* WeatherForecast.swift */; };
		DB3EF6D521100FD6004CDC37 /* CurrentForecast.swift in Sources */ = {isa = PBXBuildFile; fileRef = DB3EF6D421100FD6004CDC37 /* CurrentForecast.swift */; };
		DB5E8B14210EB01E0017A86F /* DataService.swift in Sources */ = {isa = PBXBuildFile; fileRef = DB5E8B13210EB01E0017A86F /* DataService.swift */; };
		DB5E8B16210EB8F60017A86F /* TableViewCell.swift in Sources */ = {isa = PBXBuildFile; fileRef = DB5E8B15210EB8F60017A86F /* TableViewCell.swift */; };
		DB83A6C32108058000EBE1AC /* AppDelegate.swift in Sources */ = {isa = PBXBuildFile; fileRef = DB83A6C22108058000EBE1AC /* AppDelegate.swift */; };
		DB83A6C52108058000EBE1AC /* ViewController.swift in Sources */ = {isa = PBXBuildFile; fileRef = DB83A6C42108058000EBE1AC /* ViewController.swift */; };
		DB83A6C82108058000EBE1AC /* Main.storyboard in Resources */ = {isa = PBXBuildFile; fileRef = DB83A6C62108058000EBE1AC /* Main.storyboard */; };
		DB83A6CA2108058000EBE1AC /* Assets.xcassets in Resources */ = {isa = PBXBuildFile; fileRef = DB83A6C92108058000EBE1AC /* Assets.xcassets */; };
		DB83A6CD2108058000EBE1AC /* LaunchScreen.storyboard in Resources */ = {isa = PBXBuildFile; fileRef = DB83A6CB2108058000EBE1AC /* LaunchScreen.storyboard */; };
		DBEF9E4F2111455000FB7A75 /* Extension TimeInterval.swift in Sources */ = {isa = PBXBuildFile; fileRef = DBEF9E4E2111455000FB7A75 /* Extension TimeInterval.swift */; };
		DBEF9E52211147B000FB7A75 /* Extension String.swift in Sources */ = {isa = PBXBuildFile; fileRef = DBEF9E51211147B000FB7A75 /* Extension String.swift */; };
/* End PBXBuildFile section */

/* Begin PBXFileReference section */
		DB22A3592110592800E270B8 /* CollectionViewCellNow.swift */ = {isa = PBXFileReference; lastKnownFileType = sourcecode.swift; path = CollectionViewCellNow.swift; sourceTree = "<group>"; };
		DB22D6952109ADC900B8CE2A /* WeatherForecast.swift */ = {isa = PBXFileReference; lastKnownFileType = sourcecode.swift; path = WeatherForecast.swift; sourceTree = "<group>"; };
		DB3EF6D421100FD6004CDC37 /* CurrentForecast.swift */ = {isa = PBXFileReference; lastKnownFileType = sourcecode.swift; path = CurrentForecast.swift; sourceTree = "<group>"; };
		DB5E8B13210EB01E0017A86F /* DataService.swift */ = {isa = PBXFileReference; lastKnownFileType = sourcecode.swift; path = DataService.swift; sourceTree = "<group>"; };
		DB5E8B15210EB8F60017A86F /* TableViewCell.swift */ = {isa = PBXFileReference; lastKnownFileType = sourcecode.swift; path = TableViewCell.swift; sourceTree = "<group>"; };
		DB83A6BF2108058000EBE1AC /* WeartherAppHourly.app */ = {isa = PBXFileReference; explicitFileType = wrapper.application; includeInIndex = 0; path = WeartherAppHourly.app; sourceTree = BUILT_PRODUCTS_DIR; };
		DB83A6C22108058000EBE1AC /* AppDelegate.swift */ = {isa = PBXFileReference; lastKnownFileType = sourcecode.swift; path = AppDelegate.swift; sourceTree = "<group>"; };
		DB83A6C42108058000EBE1AC /* ViewController.swift */ = {isa = PBXFileReference; lastKnownFileType = sourcecode.swift; path = ViewController.swift; sourceTree = "<group>"; };
		DB83A6C72108058000EBE1AC /* Base */ = {isa = PBXFileReference; lastKnownFileType = file.storyboard; name = Base; path = Base.lproj/Main.storyboard; sourceTree = "<group>"; };
		DB83A6C92108058000EBE1AC /* Assets.xcassets */ = {isa = PBXFileReference; lastKnownFileType = folder.assetcatalog; path = Assets.xcassets; sourceTree = "<group>"; };
		DB83A6CC2108058000EBE1AC /* Base */ = {isa = PBXFileReference; lastKnownFileType = file.storyboard; name = Base; path = Base.lproj/LaunchScreen.storyboard; sourceTree = "<group>"; };
		DB83A6CE2108058000EBE1AC /* Info.plist */ = {isa = PBXFileReference; lastKnownFileType = text.plist.xml; path = Info.plist; sourceTree = "<group>"; };
		DBEF9E4E2111455000FB7A75 /* Extension TimeInterval.swift */ = {isa = PBXFileReference; lastKnownFileType = sourcecode.swift; path = "Extension TimeInterval.swift"; sourceTree = "<group>"; };
		DBEF9E51211147B000FB7A75 /* Extension String.swift */ = {isa = PBXFileReference; lastKnownFileType = sourcecode.swift; path = "Extension String.swift"; sourceTree = "<group>"; };
/* End PBXFileReference section */

/* Begin PBXFrameworksBuildPhase section */
		DB83A6BC2108058000EBE1AC /* Frameworks */ = {
			isa = PBXFrameworksBuildPhase;
			buildActionMask = 2147483647;
			files = (
			);
			runOnlyForDeploymentPostprocessing = 0;
		};
/* End PBXFrameworksBuildPhase section */

/* Begin PBXGroup section */
		DB1F24892111440500D7308F /* Model */ = {
			isa = PBXGroup;
			children = (
				DB5E8B13210EB01E0017A86F /* DataService.swift */,
				DB22D6952109ADC900B8CE2A /* WeatherForecast.swift */,
				DB3EF6D421100FD6004CDC37 /* CurrentForecast.swift */,
			);
			path = Model;
			sourceTree = "<group>";
		};
		DB1F248A2111441600D7308F /* View */ = {
			isa = PBXGroup;
			children = (
				DB5E8B15210EB8F60017A86F /* TableViewCell.swift */,
				DB22A3592110592800E270B8 /* CollectionViewCellNow.swift */,
			);
			path = View;
			sourceTree = "<group>";
		};
		DB1F248B2111442200D7308F /* Controller */ = {
			isa = PBXGroup;
			children = (
				DB83A6C42108058000EBE1AC /* ViewController.swift */,
			);
			path = Controller;
			sourceTree = "<group>";
		};
		DB83A6B62108058000EBE1AC = {
			isa = PBXGroup;
			children = (
				DB83A6C12108058000EBE1AC /* WeartherAppHourly */,
				DB83A6C02108058000EBE1AC /* Products */,
			);
			sourceTree = "<group>";
		};
		DB83A6C02108058000EBE1AC /* Products */ = {
			isa = PBXGroup;
			children = (
				DB83A6BF2108058000EBE1AC /* WeartherAppHourly.app */,
			);
			name = Products;
			sourceTree = "<group>";
		};
		DB83A6C12108058000EBE1AC /* WeartherAppHourly */ = {
			isa = PBXGroup;
			children = (
				DB83A6C22108058000EBE1AC /* AppDelegate.swift */,
				DB83A6C62108058000EBE1AC /* Main.storyboard */,
				DB1F248B2111442200D7308F /* Controller */,
				DB1F248A2111441600D7308F /* View */,
				DB1F24892111440500D7308F /* Model */,
				DBEF9E502111455300FB7A75 /* Utilities + Extension */,
				DB83A6C92108058000EBE1AC /* Assets.xcassets */,
				DB83A6CB2108058000EBE1AC /* LaunchScreen.storyboard */,
				DB83A6CE2108058000EBE1AC /* Info.plist */,
			);
			path = WeartherAppHourly;
			sourceTree = "<group>";
		};
		DBEF9E502111455300FB7A75 /* Utilities + Extension */ = {
			isa = PBXGroup;
			children = (
				DBEF9E4E2111455000FB7A75 /* Extension TimeInterval.swift */,
				DBEF9E51211147B000FB7A75 /* Extension String.swift */,
			);
			path = "Utilities + Extension";
			sourceTree = "<group>";
		};
/* End PBXGroup section */

/* Begin PBXNativeTarget section */
		DB83A6BE2108058000EBE1AC /* WeartherAppHourly */ = {
			isa = PBXNativeTarget;
			buildConfigurationList = DB83A6D12108058000EBE1AC /* Build configuration list for PBXNativeTarget "WeartherAppHourly" */;
			buildPhases = (
				DB83A6BB2108058000EBE1AC /* Sources */,
				DB83A6BC2108058000EBE1AC /* Frameworks */,
				DB83A6BD2108058000EBE1AC /* Resources */,
			);
			buildRules = (
			);
			dependencies = (
			);
			name = WeartherAppHourly;
			productName = WeartherAppHourly;
			productReference = DB83A6BF2108058000EBE1AC /* WeartherAppHourly.app */;
			productType = "com.apple.product-type.application";
		};
/* End PBXNativeTarget section */

/* Begin PBXProject section */
		DB83A6B72108058000EBE1AC /* Project object */ = {
			isa = PBXProject;
			attributes = {
				LastSwiftUpdateCheck = 0920;
				LastUpgradeCheck = 0920;
				ORGANIZATIONNAME = "Đừng xóa";
				TargetAttributes = {
					DB83A6BE2108058000EBE1AC = {
						CreatedOnToolsVersion = 9.2;
						ProvisioningStyle = Automatic;
					};
				};
			};
			buildConfigurationList = DB83A6BA2108058000EBE1AC /* Build configuration list for PBXProject "WeartherAppHourly" */;
			compatibilityVersion = "Xcode 8.0";
			developmentRegion = en;
			hasScannedForEncodings = 0;
			knownRegions = (
				en,
				Base,
			);
			mainGroup = DB83A6B62108058000EBE1AC;
			productRefGroup = DB83A6C02108058000EBE1AC /* Products */;
			projectDirPath = "";
			projectRoot = "";
			targets = (
				DB83A6BE2108058000EBE1AC /* WeartherAppHourly */,
			);
		};
/* End PBXProject section */

/* Begin PBXResourcesBuildPhase section */
		DB83A6BD2108058000EBE1AC /* Resources */ = {
			isa = PBXResourcesBuildPhase;
			buildActionMask = 2147483647;
			files = (
				DB83A6CD2108058000EBE1AC /* LaunchScreen.storyboard in Resources */,
				DB83A6CA2108058000EBE1AC /* Assets.xcassets in Resources */,
				DB83A6C82108058000EBE1AC /* Main.storyboard in Resources */,
			);
			runOnlyForDeploymentPostprocessing = 0;
		};
/* End PBXResourcesBuildPhase section */

/* Begin PBXSourcesBuildPhase section */
		DB83A6BB2108058000EBE1AC /* Sources */ = {
			isa = PBXSourcesBuildPhase;
			buildActionMask = 2147483647;
			files = (
				DBEF9E4F2111455000FB7A75 /* Extension TimeInterval.swift in Sources */,
				DB5E8B16210EB8F60017A86F /* TableViewCell.swift in Sources */,
				DBEF9E52211147B000FB7A75 /* Extension String.swift in Sources */,
				DB22A35A2110592800E270B8 /* CollectionViewCellNow.swift in Sources */,
				DB22D6962109ADC900B8CE2A /* WeatherForecast.swift in Sources */,
				DB83A6C52108058000EBE1AC /* ViewController.swift in Sources */,
				DB83A6C32108058000EBE1AC /* AppDelegate.swift in Sources */,
				DB3EF6D521100FD6004CDC37 /* CurrentForecast.swift in Sources */,
				DB5E8B14210EB01E0017A86F /* DataService.swift in Sources */,
			);
			runOnlyForDeploymentPostprocessing = 0;
		};
/* End PBXSourcesBuildPhase section */

/* Begin PBXVariantGroup section */
		DB83A6C62108058000EBE1AC /* Main.storyboard */ = {
			isa = PBXVariantGroup;
			children = (
				DB83A6C72108058000EBE1AC /* Base */,
			);
			name = Main.storyboard;
			sourceTree = "<group>";
		};
		DB83A6CB2108058000EBE1AC /* LaunchScreen.storyboard */ = {
			isa = PBXVariantGroup;
			children = (
				DB83A6CC2108058000EBE1AC /* Base */,
			);
			name = LaunchScreen.storyboard;
			sourceTree = "<group>";
		};
/* End PBXVariantGroup section */

/* Begin XCBuildConfiguration section */
		DB83A6CF2108058000EBE1AC /* Debug */ = {
			isa = XCBuildConfiguration;
			buildSettings = {
				ALWAYS_SEARCH_USER_PATHS = NO;
				CLANG_ANALYZER_NONNULL = YES;
				CLANG_ANALYZER_NUMBER_OBJECT_CONVERSION = YES_AGGRESSIVE;
				CLANG_CXX_LANGUAGE_STANDARD = "gnu++14";
				CLANG_CXX_LIBRARY = "libc++";
				CLANG_ENABLE_MODULES = YES;
				CLANG_ENABLE_OBJC_ARC = YES;
				CLANG_WARN_BLOCK_CAPTURE_AUTORELEASING = YES;
				CLANG_WARN_BOOL_CONVERSION = YES;
				CLANG_WARN_COMMA = YES;
				CLANG_WARN_CONSTANT_CONVERSION = YES;
				CLANG_WARN_DIRECT_OBJC_ISA_USAGE = YES_ERROR;
				CLANG_WARN_DOCUMENTATION_COMMENTS = YES;
				CLANG_WARN_EMPTY_BODY = YES;
				CLANG_WARN_ENUM_CONVERSION = YES;
				CLANG_WARN_INFINITE_RECURSION = YES;
				CLANG_WARN_INT_CONVERSION = YES;
				CLANG_WARN_NON_LITERAL_NULL_CONVERSION = YES;
				CLANG_WARN_OBJC_LITERAL_CONVERSION = YES;
				CLANG_WARN_OBJC_ROOT_CLASS = YES_ERROR;
				CLANG_WARN_RANGE_LOOP_ANALYSIS = YES;
				CLANG_WARN_STRICT_PROTOTYPES = YES;
				CLANG_WARN_SUSPICIOUS_MOVE = YES;
				CLANG_WARN_UNGUARDED_AVAILABILITY = YES_AGGRESSIVE;
				CLANG_WARN_UNREACHABLE_CODE = YES;
				CLANG_WARN__DUPLICATE_METHOD_MATCH = YES;
				CODE_SIGN_IDENTITY = "iPhone Developer";
				COPY_PHASE_STRIP = NO;
				DEBUG_INFORMATION_FORMAT = dwarf;
				ENABLE_STRICT_OBJC_MSGSEND = YES;
				ENABLE_TESTABILITY = YES;
				GCC_C_LANGUAGE_STANDARD = gnu11;
				GCC_DYNAMIC_NO_PIC = NO;
				GCC_NO_COMMON_BLOCKS = YES;
				GCC_OPTIMIZATION_LEVEL = 0;
				GCC_PREPROCESSOR_DEFINITIONS = (
					"DEBUG=1",
					"$(inherited)",
				);
				GCC_WARN_64_TO_32_BIT_CONVERSION = YES;
				GCC_WARN_ABOUT_RETURN_TYPE = YES_ERROR;
				GCC_WARN_UNDECLARED_SELECTOR = YES;
				GCC_WARN_UNINITIALIZED_AUTOS = YES_AGGRESSIVE;
				GCC_WARN_UNUSED_FUNCTION = YES;
				GCC_WARN_UNUSED_VARIABLE = YES;
				IPHONEOS_DEPLOYMENT_TARGET = 11.2;
				MTL_ENABLE_DEBUG_INFO = YES;
				ONLY_ACTIVE_ARCH = YES;
				SDKROOT = iphoneos;
				SWIFT_ACTIVE_COMPILATION_CONDITIONS = DEBUG;
				SWIFT_OPTIMIZATION_LEVEL = "-Onone";
			};
			name = Debug;
		};
		DB83A6D02108058000EBE1AC /* Release */ = {
			isa = XCBuildConfiguration;
			buildSettings = {
				ALWAYS_SEARCH_USER_PATHS = NO;
				CLANG_ANALYZER_NONNULL = YES;
				CLANG_ANALYZER_NUMBER_OBJECT_CONVERSION = YES_AGGRESSIVE;
				CLANG_CXX_LANGUAGE_STANDARD = "gnu++14";
				CLANG_CXX_LIBRARY = "libc++";
				CLANG_ENABLE_MODULES = YES;
				CLANG_ENABLE_OBJC_ARC = YES;
				CLANG_WARN_BLOCK_CAPTURE_AUTORELEASING = YES;
				CLANG_WARN_BOOL_CONVERSION = YES;
				CLANG_WARN_COMMA = YES;
				CLANG_WARN_CONSTANT_CONVERSION = YES;
				CLANG_WARN_DIRECT_OBJC_ISA_USAGE = YES_ERROR;
				CLANG_WARN_DOCUMENTATION_COMMENTS = YES;
				CLANG_WARN_EMPTY_BODY = YES;
				CLANG_WARN_ENUM_CONVERSION = YES;
				CLANG_WARN_INFINITE_RECURSION = YES;
				CLANG_WARN_INT_CONVERSION = YES;
				CLANG_WARN_NON_LITERAL_NULL_CONVERSION = YES;
				CLANG_WARN_OBJC_LITERAL_CONVERSION = YES;
				CLANG_WARN_OBJC_ROOT_CLASS = YES_ERROR;
				CLANG_WARN_RANGE_LOOP_ANALYSIS = YES;
				CLANG_WARN_STRICT_PROTOTYPES = YES;
				CLANG_WARN_SUSPICIOUS_MOVE = YES;
				CLANG_WARN_UNGUARDED_AVAILABILITY = YES_AGGRESSIVE;
				CLANG_WARN_UNREACHABLE_CODE = YES;
				CLANG_WARN__DUPLICATE_METHOD_MATCH = YES;
				CODE_SIGN_IDENTITY = "iPhone Developer";
				COPY_PHASE_STRIP = NO;
				DEBUG_INFORMATION_FORMAT = "dwarf-with-dsym";
				ENABLE_NS_ASSERTIONS = NO;
				ENABLE_STRICT_OBJC_MSGSEND = YES;
				GCC_C_LANGUAGE_STANDARD = gnu11;
				GCC_NO_COMMON_BLOCKS = YES;
				GCC_WARN_64_TO_32_BIT_CONVERSION = YES;
				GCC_WARN_ABOUT_RETURN_TYPE = YES_ERROR;
				GCC_WARN_UNDECLARED_SELECTOR = YES;
				GCC_WARN_UNINITIALIZED_AUTOS = YES_AGGRESSIVE;
				GCC_WARN_UNUSED_FUNCTION = YES;
				GCC_WARN_UNUSED_VARIABLE = YES;
				IPHONEOS_DEPLOYMENT_TARGET = 11.2;
				MTL_ENABLE_DEBUG_INFO = NO;
				SDKROOT = iphoneos;
				SWIFT_OPTIMIZATION_LEVEL = "-Owholemodule";
				VALIDATE_PRODUCT = YES;
			};
			name = Release;
		};
		DB83A6D22108058000EBE1AC /* Debug */ = {
			isa = XCBuildConfiguration;
			buildSettings = {
				ASSETCATALOG_COMPILER_APPICON_NAME = AppIcon;
				CODE_SIGN_STYLE = Automatic;
				INFOPLIST_FILE = WeartherAppHourly/Info.plist;
				LD_RUNPATH_SEARCH_PATHS = "$(inherited) @executable_path/Frameworks";
				PRODUCT_BUNDLE_IDENTIFIER = Hhuyy.WeartherAppHourly;
				PRODUCT_NAME = "$(TARGET_NAME)";
				SWIFT_VERSION = 4.0;
				TARGETED_DEVICE_FAMILY = "1,2";
			};
			name = Debug;
		};
		DB83A6D32108058000EBE1AC /* Release */ = {
			isa = XCBuildConfiguration;
			buildSettings = {
				ASSETCATALOG_COMPILER_APPICON_NAME = AppIcon;
				CODE_SIGN_STYLE = Automatic;
				INFOPLIST_FILE = WeartherAppHourly/Info.plist;
				LD_RUNPATH_SEARCH_PATHS = "$(inherited) @executable_path/Frameworks";
				PRODUCT_BUNDLE_IDENTIFIER = Hhuyy.WeartherAppHourly;
				PRODUCT_NAME = "$(TARGET_NAME)";
				SWIFT_VERSION = 4.0;
				TARGETED_DEVICE_FAMILY = "1,2";
			};
			name = Release;
		};
/* End XCBuildConfiguration section */

/* Begin XCConfigurationList section */
		DB83A6BA2108058000EBE1AC /* Build configuration list for PBXProject "WeartherAppHourly" */ = {
			isa = XCConfigurationList;
			buildConfigurations = (
				DB83A6CF2108058000EBE1AC /* Debug */,
				DB83A6D02108058000EBE1AC /* Release */,
			);
			defaultConfigurationIsVisible = 0;
			defaultConfigurationName = Release;
		};
		DB83A6D12108058000EBE1AC /* Build configuration list for PBXNativeTarget "WeartherAppHourly" */ = {
			isa = XCConfigurationList;
			buildConfigurations = (
				DB83A6D22108058000EBE1AC /* Debug */,
				DB83A6D32108058000EBE1AC /* Release */,
			);
			defaultConfigurationIsVisible = 0;
			defaultConfigurationName = Release;
		};
/* End XCConfigurationList section */
	};
	rootObject = DB83A6B72108058000EBE1AC /* Project object */;
}
